
Microsoft Visual Studio Solution File, Format Version 12.00
# Visual Studio Version 16
VisualStudioVersion = 16.0.31019.35
MinimumVisualStudioVersion = 10.0.40219.1
Project("{9A19103F-16F7-4668-BE54-9A1E7A4F7556}") = "CityInfoApi", "CityInfoApi\CityInfoApi.csproj", "{C94A1A00-E8B4-4C1E-9109-CB1844CD873D}"
EndProject
Project("{9A19103F-16F7-4668-BE54-9A1E7A4F7556}") = "Auth.IDP", "Auth.IDP\Auth.IDP.csproj", "{F96CA30D-7216-41F4-ADBC-815875C7573F}"
EndProject
Global
	GlobalSection(SolutionConfigurationPlatforms) = preSolution
		Debug|Any CPU = Debug|Any CPU
		Release|Any CPU = Release|Any CPU
	EndGlobalSection
	GlobalSection(ProjectConfigurationPlatforms) = postSolution
		{C94A1A00-E8B4-4C1E-9109-CB1844CD873D}.Debug|Any CPU.ActiveCfg = Debug|Any CPU
		{C94A1A00-E8B4-4C1E-9109-CB1844CD873D}.Debug|Any CPU.Build.0 = Debug|Any CPU
		{C94A1A00-E8B4-4C1E-9109-CB1844CD873D}.Release|Any CPU.ActiveCfg = Release|Any CPU
		{C94A1A00-E8B4-4C1E-9109-CB1844CD873D}.Release|Any CPU.Build.0 = Release|Any CPU
		{F96CA30D-7216-41F4-ADBC-815875C7573F}.Debug|Any CPU.ActiveCfg = Debug|Any CPU
		{F96CA30D-7216-41F4-ADBC-815875C7573F}.Debug|Any CPU.Build.0 = Debug|Any CPU
		{F96CA30D-7216-41F4-ADBC-815875C7573F}.Release|Any CPU.ActiveCfg = Release|Any CPU
		{F96CA30D-7216-41F4-ADBC-815875C7573F}.Release|Any CPU.Build.0 = Release|Any CPU
	EndGlobalSection
	GlobalSection(SolutionProperties) = preSolution
		HideSolutionNode = FALSE
	EndGlobalSection
	GlobalSection(ExtensibilityGlobals) = postSolution
		SolutionGuid = {E16ABC42-6379-4121-BE26-A1FD162294D6}
	EndGlobalSection
EndGlobal
